<?xml version="1.0" encoding="utf-8"?>
<Project ToolsVersion="4.0" xmlns="http://schemas.microsoft.com/developer/msbuild/2003">
  <ItemGroup>
    <Filter Include="Source Files">
      <UniqueIdentifier>{4FC737F1-C7A5-4376-A066-2A32D752A2FF}</UniqueIdentifier>
      <Extensions>cpp;c;cc;cxx;def;odl;idl;hpj;bat;asm;asmx</Extensions>
    </Filter>
    <Filter Include="Header Files">
      <UniqueIdentifier>{93995380-89BD-4b04-88EB-625FBE52EBFB}</UniqueIdentifier>
      <Extensions>h;hh;hpp;hxx;hm;inl;inc;xsd</Extensions>
    </Filter>
    <Filter Include="Resource Files">
      <UniqueIdentifier>{67DA6AB6-F800-4c08-8B7A-83BB121AAD01}</UniqueIdentifier>
      <Extensions>rc;ico;cur;bmp;dlg;rc2;rct;bin;rgs;gif;jpg;jpeg;jpe;resx;tiff;tif;png;wav;mfcribbon-ms</Extensions>
    </Filter>
    <Filter Include="Shaders">
      <UniqueIdentifier>{bb20cdbd-536e-4e60-8e7c-cacd1113a919}</UniqueIdentifier>
    </Filter>
    <Filter Include="Models">
      <UniqueIdentifier>{bca8a663-ab3e-4579-b11b-499187022688}</UniqueIdentifier>
    </Filter>
    <Filter Include="Config">
      <UniqueIdentifier>{b246f103-deb2-4ede-8466-12b7e35ab7dd}</UniqueIdentifier>
    </Filter>
  </ItemGroup>
  <ItemGroup>
    <ClCompile Include="main.cpp">
      <Filter>Source Files</Filter>
    </ClCompile>
    <ClCompile Include="Shader.cpp">
      <Filter>Source Files</Filter>
    </ClCompile>
    <ClCompile Include="Texture.cpp">
      <Filter>Source Files</Filter>
    </ClCompile>
    <ClCompile Include="Model.cpp">
      <Filter>Source Files</Filter>
    </ClCompile>
    <ClCompile Include="Object.cpp">
      <Filter>Source Files</Filter>
    </ClCompile>
    <ClCompile Include="Camera.cpp">
      <Filter>Source Files</Filter>
    </ClCompile>
    <ClCompile Include="TreeGenerator.cpp">
      <Filter>Source Files</Filter>
    </ClCompile>
    <ClCompile Include="Light.cpp">
      <Filter>Source Files</Filter>
    </ClCompile>
    <ClCompile Include="Material.cpp">
      <Filter>Source Files</Filter>
    </ClCompile>
    <ClCompile Include="Fog.cpp">
      <Filter>Source Files</Filter>
    </ClCompile>
    <ClCompile Include="Inventory.cpp">
      <Filter>Source Files</Filter>
    </ClCompile>
    <ClCompile Include="Hud.cpp">
      <Filter>Source Files</Filter>
    </ClCompile>
    <ClCompile Include="SnowGenerator.cpp">
      <Filter>Source Files</Filter>
    </ClCompile>
    <ClCompile Include="Spline.cpp">
      <Filter>Source Files</Filter>
    </ClCompile>
    <ClCompile Include="Overlay.cpp">
      <Filter>Source Files</Filter>
    </ClCompile>
    <ClCompile Include="Frame.cpp">
      <Filter>Source Files</Filter>
    </ClCompile>
    <ClCompile Include="Collision.cpp">
      <Filter>Source Files</Filter>
    </ClCompile>
    <ClCompile Include="Scene.cpp">
      <Filter>Source Files</Filter>
    </ClCompile>
    <ClCompile Include="Config.cpp">
      <Filter>Source Files</Filter>
    </ClCompile>
  </ItemGroup>
  <ItemGroup>
    <None Include="shaders\generic.frag">
      <Filter>Shaders</Filter>
    </None>
    <None Include="shaders\generic.vert">
      <Filter>Shaders</Filter>
    </None>
    <None Include="shaders\skybox.frag">
      <Filter>Shaders</Filter>
    </None>
    <None Include="shaders\hud.frag">
      <Filter>Shaders</Filter>
    </None>
    <None Include="shaders\overlay.frag">
      <Filter>Shaders</Filter>
    </None>
    <None Include="shaders\animatedTexture.vert">
      <Filter>Shaders</Filter>
    </None>
  </ItemGroup>
  <ItemGroup>
    <ClInclude Include="headers\Shader.h">
      <Filter>Header Files</Filter>
    </ClInclude>
    <ClInclude Include="headers\Texture.h">
      <Filter>Header Files</Filter>
    </ClInclude>
    <ClInclude Include="headers\Model.h">
      <Filter>Header Files</Filter>
    </ClInclude>
    <ClInclude Include="headers\Object.h">
      <Filter>Header Files</Filter>
    </ClInclude>
    <ClInclude Include="headers\Camera.h">
      <Filter>Header Files</Filter>
    </ClInclude>
    <ClInclude Include="models\terrain.h">
      <Filter>Models</Filter>
    </ClInclude>
    <ClInclude Include="models\home.h">
      <Filter>Models</Filter>
    </ClInclude>
    <ClInclude Include="models\table.h">
      <Filter>Models</Filter>
    </ClInclude>
    <ClInclude Include="models\chair.h">
      <Filter>Models</Filter>
    </ClInclude>
    <ClInclude Include="models\carton.h">
      <Filter>Models</Filter>
    </ClInclude>
    <ClInclude Include="models\ornament.h">
      <Filter>Models</Filter>
    </ClInclude>
    <ClInclude Include="models\stand.h">
      <Filter>Models</Filter>
    </ClInclude>
    <ClInclude Include="models\tree.h">
      <Filter>Models</Filter>
    </ClInclude>
    <ClInclude Include="headers\TreeGenerator.h">
      <Filter>Header Files</Filter>
    </ClInclude>
    <ClInclude Include="headers\Light.h">
      <Filter>Header Files</Filter>
    </ClInclude>
    <ClInclude Include="headers\Material.h">
      <Filter>Header Files</Filter>
    </ClInclude>
    <ClInclude Include="models\skybox.h">
      <Filter>Models</Filter>
    </ClInclude>
    <ClInclude Include="headers\Fog.h">
      <Filter>Header Files</Filter>
    </ClInclude>
    <ClInclude Include="headers\Inventory.h">
      <Filter>Header Files</Filter>
    </ClInclude>
    <ClInclude Include="headers\Hud.h">
      <Filter>Header Files</Filter>
    </ClInclude>
    <ClInclude Include="models\gift.h">
      <Filter>Models</Filter>
    </ClInclude>
    <ClInclude Include="headers\SnowGenerator.h">
      <Filter>Header Files</Filter>
    </ClInclude>
    <ClInclude Include="headers\Spline.h">
      <Filter>Header Files</Filter>
    </ClInclude>
    <ClInclude Include="models\snowflake.h">
      <Filter>Models</Filter>
    </ClInclude>
    <ClInclude Include="models\snowflake-lowpoly.h">
      <Filter>Models</Filter>
    </ClInclude>
    <ClInclude Include="headers\Overlay.h">
      <Filter>Header Files</Filter>
    </ClInclude>
    <ClInclude Include="headers\Frame.h">
      <Filter>Header Files</Filter>
    </ClInclude>
    <ClInclude Include="headers\Collision.h">
      <Filter>Header Files</Filter>
    </ClInclude>
    <ClInclude Include="headers\Scene.h">
      <Filter>Header Files</Filter>
    </ClInclude>
    <ClInclude Include="headers\Config.h">
      <Filter>Header Files</Filter>
    </ClInclude>
  </ItemGroup>
  <ItemGroup>
    <Text Include="config\config.txt">
      <Filter>Config</Filter>
    </Text>
  </ItemGroup>
</Project>